
Microsoft Visual Studio Solution File, Format Version 12.00
# Visual Studio Version 17
VisualStudioVersion = 17.4.33213.308
MinimumVisualStudioVersion = 10.0.40219.1
Project("{FAE04EC0-301F-11D3-BF4B-00C04F79EFBC}") = "ContosoAir2", "ContosoAir2.csproj", "{CA9DA3B7-6439-4D9F-907E-091A3FB9F763}"
EndProject
Global
	GlobalSection(SolutionConfigurationPlatforms) = preSolution
		Debug|Any CPU = Debug|Any CPU
		Release|Any CPU = Release|Any CPU
	EndGlobalSection
	GlobalSection(ProjectConfigurationPlatforms) = postSolution
		{CA9DA3B7-6439-4D9F-907E-091A3FB9F763}.Debug|Any CPU.ActiveCfg = Debug|Any CPU
		{CA9DA3B7-6439-4D9F-907E-091A3FB9F763}.Debug|Any CPU.Build.0 = Debug|Any CPU
		{CA9DA3B7-6439-4D9F-907E-091A3FB9F763}.Release|Any CPU.ActiveCfg = Release|Any CPU
		{CA9DA3B7-6439-4D9F-907E-091A3FB9F763}.Release|Any CPU.Build.0 = Release|Any CPU
	EndGlobalSection
	GlobalSection(SolutionProperties) = preSolution
		HideSolutionNode = FALSE
	EndGlobalSection
	GlobalSection(ExtensibilityGlobals) = postSolution
		SolutionGuid = {54525234-49F3-42FA-B1E7-15CE425391C5}
	EndGlobalSection
EndGlobal
